
Microsoft Visual Studio Solution File, Format Version 12.00
# Visual Studio Version 16
VisualStudioVersion = 16.0.33328.57
MinimumVisualStudioVersion = 10.0.40219.1
Project("{FAE04EC0-301F-11D3-BF4B-00C04F79EFBC}") = "Method", "Method\Method.csproj", "{0803E378-3C40-4070-85CA-AB3BADD9986B}"
EndProject
Project("{FAE04EC0-301F-11D3-BF4B-00C04F79EFBC}") = "Return", "Return\Return.csproj", "{784E93C9-F932-4510-8BA6-98D96B6FEBEF}"
EndProject
Project("{FAE04EC0-301F-11D3-BF4B-00C04F79EFBC}") = "SwapByValue", "SwapByValue\SwapByValue.csproj", "{022B590D-151C-4C30-BDEF-79A9816D876A}"
EndProject
Project("{FAE04EC0-301F-11D3-BF4B-00C04F79EFBC}") = "SwapByRef", "SwapByRef\SwapByRef.csproj", "{E0D95B71-D77F-4E65-B735-EFD4E5B6CC45}"
EndProject
Project("{FAE04EC0-301F-11D3-BF4B-00C04F79EFBC}") = "ClassTest", "ClassTest\ClassTest.csproj", "{D4E02EAC-3D09-49A7-85F6-3E3E12723127}"
EndProject
Project("{FAE04EC0-301F-11D3-BF4B-00C04F79EFBC}") = "RefReturn", "RefReturn\RefReturn.csproj", "{4753DFD6-9C71-4C03-AB14-BFB99CB3A7E1}"
EndProject
Project("{FAE04EC0-301F-11D3-BF4B-00C04F79EFBC}") = "UsingOut", "UsingOut\UsingOut.csproj", "{BDD95AC0-5F4A-4669-B7B2-87D91D407ED8}"
EndProject
Project("{FAE04EC0-301F-11D3-BF4B-00C04F79EFBC}") = "Overloading", "Overloading\Overloading.csproj", "{238D3DA5-CDFD-4AEA-8BEB-18139219551F}"
EndProject
Project("{FAE04EC0-301F-11D3-BF4B-00C04F79EFBC}") = "UsingParams", "UsingParams\UsingParams.csproj", "{73D19BD5-A00F-412C-8868-193C072E344B}"
EndProject
Global
	GlobalSection(SolutionConfigurationPlatforms) = preSolution
		Debug|Any CPU = Debug|Any CPU
		Release|Any CPU = Release|Any CPU
	EndGlobalSection
	GlobalSection(ProjectConfigurationPlatforms) = postSolution
		{0803E378-3C40-4070-85CA-AB3BADD9986B}.Debug|Any CPU.ActiveCfg = Debug|Any CPU
		{0803E378-3C40-4070-85CA-AB3BADD9986B}.Debug|Any CPU.Build.0 = Debug|Any CPU
		{0803E378-3C40-4070-85CA-AB3BADD9986B}.Release|Any CPU.ActiveCfg = Release|Any CPU
		{0803E378-3C40-4070-85CA-AB3BADD9986B}.Release|Any CPU.Build.0 = Release|Any CPU
		{784E93C9-F932-4510-8BA6-98D96B6FEBEF}.Debug|Any CPU.ActiveCfg = Debug|Any CPU
		{784E93C9-F932-4510-8BA6-98D96B6FEBEF}.Debug|Any CPU.Build.0 = Debug|Any CPU
		{784E93C9-F932-4510-8BA6-98D96B6FEBEF}.Release|Any CPU.ActiveCfg = Release|Any CPU
		{784E93C9-F932-4510-8BA6-98D96B6FEBEF}.Release|Any CPU.Build.0 = Release|Any CPU
		{022B590D-151C-4C30-BDEF-79A9816D876A}.Debug|Any CPU.ActiveCfg = Debug|Any CPU
		{022B590D-151C-4C30-BDEF-79A9816D876A}.Debug|Any CPU.Build.0 = Debug|Any CPU
		{022B590D-151C-4C30-BDEF-79A9816D876A}.Release|Any CPU.ActiveCfg = Release|Any CPU
		{022B590D-151C-4C30-BDEF-79A9816D876A}.Release|Any CPU.Build.0 = Release|Any CPU
		{E0D95B71-D77F-4E65-B735-EFD4E5B6CC45}.Debug|Any CPU.ActiveCfg = Debug|Any CPU
		{E0D95B71-D77F-4E65-B735-EFD4E5B6CC45}.Debug|Any CPU.Build.0 = Debug|Any CPU
		{E0D95B71-D77F-4E65-B735-EFD4E5B6CC45}.Release|Any CPU.ActiveCfg = Release|Any CPU
		{E0D95B71-D77F-4E65-B735-EFD4E5B6CC45}.Release|Any CPU.Build.0 = Release|Any CPU
		{D4E02EAC-3D09-49A7-85F6-3E3E12723127}.Debug|Any CPU.ActiveCfg = Debug|Any CPU
		{D4E02EAC-3D09-49A7-85F6-3E3E12723127}.Debug|Any CPU.Build.0 = Debug|Any CPU
		{D4E02EAC-3D09-49A7-85F6-3E3E12723127}.Release|Any CPU.ActiveCfg = Release|Any CPU
		{D4E02EAC-3D09-49A7-85F6-3E3E12723127}.Release|Any CPU.Build.0 = Release|Any CPU
		{4753DFD6-9C71-4C03-AB14-BFB99CB3A7E1}.Debug|Any CPU.ActiveCfg = Debug|Any CPU
		{4753DFD6-9C71-4C03-AB14-BFB99CB3A7E1}.Debug|Any CPU.Build.0 = Debug|Any CPU
		{4753DFD6-9C71-4C03-AB14-BFB99CB3A7E1}.Release|Any CPU.ActiveCfg = Release|Any CPU
		{4753DFD6-9C71-4C03-AB14-BFB99CB3A7E1}.Release|Any CPU.Build.0 = Release|Any CPU
		{BDD95AC0-5F4A-4669-B7B2-87D91D407ED8}.Debug|Any CPU.ActiveCfg = Debug|Any CPU
		{BDD95AC0-5F4A-4669-B7B2-87D91D407ED8}.Debug|Any CPU.Build.0 = Debug|Any CPU
		{BDD95AC0-5F4A-4669-B7B2-87D91D407ED8}.Release|Any CPU.ActiveCfg = Release|Any CPU
		{BDD95AC0-5F4A-4669-B7B2-87D91D407ED8}.Release|Any CPU.Build.0 = Release|Any CPU
		{238D3DA5-CDFD-4AEA-8BEB-18139219551F}.Debug|Any CPU.ActiveCfg = Debug|Any CPU
		{238D3DA5-CDFD-4AEA-8BEB-18139219551F}.Debug|Any CPU.Build.0 = Debug|Any CPU
		{238D3DA5-CDFD-4AEA-8BEB-18139219551F}.Release|Any CPU.ActiveCfg = Release|Any CPU
		{238D3DA5-CDFD-4AEA-8BEB-18139219551F}.Release|Any CPU.Build.0 = Release|Any CPU
		{73D19BD5-A00F-412C-8868-193C072E344B}.Debug|Any CPU.ActiveCfg = Debug|Any CPU
		{73D19BD5-A00F-412C-8868-193C072E344B}.Debug|Any CPU.Build.0 = Debug|Any CPU
		{73D19BD5-A00F-412C-8868-193C072E344B}.Release|Any CPU.ActiveCfg = Release|Any CPU
		{73D19BD5-A00F-412C-8868-193C072E344B}.Release|Any CPU.Build.0 = Release|Any CPU
	EndGlobalSection
	GlobalSection(SolutionProperties) = preSolution
		HideSolutionNode = FALSE
	EndGlobalSection
	GlobalSection(ExtensibilityGlobals) = postSolution
		SolutionGuid = {AB9BB311-D190-4560-91F7-ECFBFD9626B8}
	EndGlobalSection
EndGlobal
